{
    "name": "@shevky/plugin-sitemap",
    "version": "0.0.4",
    "lockfileVersion": 3,
    "requires": true,
    "packages": {
        "": {
            "name": "@shevky/plugin-sitemap",
            "version": "0.0.4",
            "license": "MIT",
            "dependencies": {
                "@shevky/base": "^0.0.5"
            }
        },
        "node_modules/@shevky/base": {
            "version": "0.0.5",
            "resolved": "https://registry.npmjs.org/@shevky/base/-/base-0.0.5.tgz",
            "integrity": "sha512-nXlZvemBaXKQnjk4I7d/9DMyglr+wDD0RhTgt+aazrHOe2rQSEHdy8REJhhNODUF4KiUD6g7MIFHv+VIRxtAnA==",
            "license": "MIT"
        }
    }
}
