{
    "name": "@shevky/plugin-sitemap",
    "version": "0.0.3",
    "lockfileVersion": 3,
    "requires": true,
    "packages": {
        "": {
            "name": "@shevky/plugin-sitemap",
            "version": "0.0.3",
            "license": "MIT",
            "dependencies": {
                "@shevky/base": "^0.0.3"
            }
        },
        "node_modules/@shevky/base": {
            "version": "0.0.3",
            "resolved": "https://registry.npmjs.org/@shevky/base/-/base-0.0.3.tgz",
            "integrity": "sha512-h5lhdl0r4+zgTxigpiiE3L5mNf7OoqTav/vWKNTK3vOn2MUsI8rUyhOIBvKvANKK1uOPVsDDP3ZOuoPowRrcfA==",
            "license": "MIT"
        }
    }
}
